
Microsoft Visual Studio Solution File, Format Version 12.00
# Visual Studio 15
VisualStudioVersion = 15.0.28307.168
MinimumVisualStudioVersion = 10.0.40219.1
Project("{FAE04EC0-301F-11D3-BF4B-00C04F79EFBC}") = "Figuras", "Figuras\Figuras.csproj", "{651D5681-C5C4-45E8-A058-314D23E277EA}"
EndProject
Project("{FAE04EC0-301F-11D3-BF4B-00C04F79EFBC}") = "Frete", "Frete\Frete.csproj", "{4CB1856E-8872-4BD8-AFC2-94D1A915B169}"
EndProject
Project("{FAE04EC0-301F-11D3-BF4B-00C04F79EFBC}") = "Sistema Bancario", "Sistema Bancario\Sistema Bancario.csproj", "{B5E6BEB2-356A-40D4-BA48-6833C3D3946E}"
EndProject
Project("{FAE04EC0-301F-11D3-BF4B-00C04F79EFBC}") = "Construtora", "Construtora\Construtora.csproj", "{508DEA93-3776-4A49-9E0A-34C6311BB836}"
EndProject
Project("{FAE04EC0-301F-11D3-BF4B-00C04F79EFBC}") = "Grupo de Usuarios", "Grupo de Usuarios\Grupo de Usuarios.csproj", "{3A2483E3-4490-4013-A003-08A4CE07EC47}"
EndProject
Global
	GlobalSection(SolutionConfigurationPlatforms) = preSolution
		Debug|Any CPU = Debug|Any CPU
		Release|Any CPU = Release|Any CPU
	EndGlobalSection
	GlobalSection(ProjectConfigurationPlatforms) = postSolution
		{651D5681-C5C4-45E8-A058-314D23E277EA}.Debug|Any CPU.ActiveCfg = Debug|Any CPU
		{651D5681-C5C4-45E8-A058-314D23E277EA}.Debug|Any CPU.Build.0 = Debug|Any CPU
		{651D5681-C5C4-45E8-A058-314D23E277EA}.Release|Any CPU.ActiveCfg = Release|Any CPU
		{651D5681-C5C4-45E8-A058-314D23E277EA}.Release|Any CPU.Build.0 = Release|Any CPU
		{4CB1856E-8872-4BD8-AFC2-94D1A915B169}.Debug|Any CPU.ActiveCfg = Debug|Any CPU
		{4CB1856E-8872-4BD8-AFC2-94D1A915B169}.Debug|Any CPU.Build.0 = Debug|Any CPU
		{4CB1856E-8872-4BD8-AFC2-94D1A915B169}.Release|Any CPU.ActiveCfg = Release|Any CPU
		{4CB1856E-8872-4BD8-AFC2-94D1A915B169}.Release|Any CPU.Build.0 = Release|Any CPU
		{B5E6BEB2-356A-40D4-BA48-6833C3D3946E}.Debug|Any CPU.ActiveCfg = Debug|Any CPU
		{B5E6BEB2-356A-40D4-BA48-6833C3D3946E}.Debug|Any CPU.Build.0 = Debug|Any CPU
		{B5E6BEB2-356A-40D4-BA48-6833C3D3946E}.Release|Any CPU.ActiveCfg = Release|Any CPU
		{B5E6BEB2-356A-40D4-BA48-6833C3D3946E}.Release|Any CPU.Build.0 = Release|Any CPU
		{508DEA93-3776-4A49-9E0A-34C6311BB836}.Debug|Any CPU.ActiveCfg = Debug|Any CPU
		{508DEA93-3776-4A49-9E0A-34C6311BB836}.Debug|Any CPU.Build.0 = Debug|Any CPU
		{508DEA93-3776-4A49-9E0A-34C6311BB836}.Release|Any CPU.ActiveCfg = Release|Any CPU
		{508DEA93-3776-4A49-9E0A-34C6311BB836}.Release|Any CPU.Build.0 = Release|Any CPU
		{3A2483E3-4490-4013-A003-08A4CE07EC47}.Debug|Any CPU.ActiveCfg = Debug|Any CPU
		{3A2483E3-4490-4013-A003-08A4CE07EC47}.Debug|Any CPU.Build.0 = Debug|Any CPU
		{3A2483E3-4490-4013-A003-08A4CE07EC47}.Release|Any CPU.ActiveCfg = Release|Any CPU
		{3A2483E3-4490-4013-A003-08A4CE07EC47}.Release|Any CPU.Build.0 = Release|Any CPU
	EndGlobalSection
	GlobalSection(SolutionProperties) = preSolution
		HideSolutionNode = FALSE
	EndGlobalSection
	GlobalSection(ExtensibilityGlobals) = postSolution
		SolutionGuid = {0C2C4B3B-B84D-4B7B-B142-4BB4CA6F2DE2}
	EndGlobalSection
EndGlobal
